{
  "version": 4,
  "terraform_version": "1.3.9",
  "serial": 604,
  "lineage": "45a090d9-ce06-19f9-ae61-bcc202143668",
  "outputs": {
    "backend_ecr": {
      "value": "217464997509.dkr.ecr.us-east-1.amazonaws.com/backend",
      "type": "string"
    },
    "cluster_name": {
      "value": "cluster",
      "type": "string"
    },
    "cluster_version": {
      "value": "1.25",
      "type": "string"
    },
    "frontend_ecr": {
      "value": "217464997509.dkr.ecr.us-east-1.amazonaws.com/frontend",
      "type": "string"
    }
  },
  "resources": [
    {
      "mode": "data",
      "type": "aws_iam_policy_document",
      "name": "assume_role_policy",
      "provider": "provider[\"registry.terraform.io/hashicorp/aws\"]",
      "instances": [
        {
          "schema_version": 0,
          "attributes": {
            "id": "1903849331",
            "json": "{\n  \"Version\": \"2012-10-17\",\n  \"Statement\": [\n    {\n      \"Sid\": \"\",\n      \"Effect\": \"Allow\",\n      \"Action\": \"sts:AssumeRole\",\n      \"Principal\": {\n        \"Service\": \"ec2.amazonaws.com\"\n      }\n    }\n  ]\n}",
            "override_json": null,
            "override_policy_documents": null,
            "policy_id": null,
            "source_json": null,
            "source_policy_documents": null,
            "statement": [
              {
                "actions": [
                  "sts:AssumeRole"
                ],
                "condition": [],
                "effect": "Allow",
                "not_actions": [],
                "not_principals": [],
                "not_resources": [],
                "principals": [
                  {
                    "identifiers": [
                      "ec2.amazonaws.com"
                    ],
                    "type": "Service"
                  }
                ],
                "resources": [],
                "sid": ""
              }
            ],
            "version": "2012-10-17"
          },
          "sensitive_attributes": []
        }
      ]
    },
    {
      "mode": "data",
      "type": "aws_iam_policy_document",
      "name": "github_policy",
      "provider": "provider[\"registry.terraform.io/hashicorp/aws\"]",
      "instances": [
        {
          "schema_version": 0,
          "attributes": {
            "id": "734760284",
            "json": "{\n  \"Version\": \"2012-10-17\",\n  \"Statement\": [\n    {\n      \"Sid\": \"\",\n      \"Effect\": \"Allow\",\n      \"Action\": [\n        \"iam:GetUser\",\n        \"eks:*\",\n        \"ecr:*\",\n        \"ec2:*\"\n      ],\n      \"Resource\": \"*\"\n    }\n  ]\n}",
            "override_json": null,
            "override_policy_documents": null,
            "policy_id": null,
            "source_json": null,
            "source_policy_documents": null,
            "statement": [
              {
                "actions": [
                  "ec2:*",
                  "ecr:*",
                  "eks:*",
                  "iam:GetUser"
                ],
                "condition": [],
                "effect": "Allow",
                "not_actions": [],
                "not_principals": [],
                "not_resources": [],
                "principals": [],
                "resources": [
                  "*"
                ],
                "sid": ""
              }
            ],
            "version": "2012-10-17"
          },
          "sensitive_attributes": []
        }
      ]
    },
    {
      "mode": "data",
      "type": "aws_ssm_parameter",
      "name": "eks_ami_release_version",
      "provider": "provider[\"registry.terraform.io/hashicorp/aws\"]",
      "instances": [
        {
          "schema_version": 0,
          "attributes": {
            "arn": "arn:aws:ssm:us-east-1::parameter/aws/service/eks/optimized-ami/1.25/amazon-linux-2/recommended/release_version",
            "id": "/aws/service/eks/optimized-ami/1.25/amazon-linux-2/recommended/release_version",
            "name": "/aws/service/eks/optimized-ami/1.25/amazon-linux-2/recommended/release_version",
            "type": "String",
            "value": "1.25.16-20250123",
            "version": 68,
            "with_decryption": true
          },
          "sensitive_attributes": []
        }
      ]
    },
    {
      "mode": "managed",
      "type": "aws_codebuild_project",
      "name": "codebuild",
      "provider": "provider[\"registry.terraform.io/hashicorp/aws\"]",
      "instances": [
        {
          "schema_version": 0,
          "attributes": {
            "arn": "arn:aws:codebuild:us-east-1:217464997509:project/udacity",
            "artifacts": [
              {
                "artifact_identifier": "",
                "bucket_owner_access": "",
                "encryption_disabled": false,
                "location": "",
                "name": "",
                "namespace_type": "",
                "override_artifact_name": false,
                "packaging": "",
                "path": "",
                "type": "NO_ARTIFACTS"
              }
            ],
            "badge_enabled": false,
            "badge_url": "",
            "build_batch_config": [],
            "build_timeout": 60,
            "cache": [
              {
                "location": "",
                "modes": null,
                "type": "NO_CACHE"
              }
            ],
            "concurrent_build_limit": 0,
            "description": "Udacity CodeBuild project",
            "encryption_key": "arn:aws:kms:us-east-1:217464997509:alias/aws/s3",
            "environment": [
              {
                "certificate": "",
                "compute_type": "BUILD_GENERAL1_SMALL",
                "environment_variable": [],
                "image": "aws/codebuild/standard:5.0",
                "image_pull_credentials_type": "CODEBUILD",
                "privileged_mode": true,
                "registry_credential": [],
                "type": "LINUX_CONTAINER"
              }
            ],
            "file_system_locations": [],
            "id": "arn:aws:codebuild:us-east-1:217464997509:project/udacity",
            "logs_config": [
              {
                "cloudwatch_logs": [
                  {
                    "group_name": "",
                    "status": "ENABLED",
                    "stream_name": ""
                  }
                ],
                "s3_logs": [
                  {
                    "bucket_owner_access": "",
                    "encryption_disabled": false,
                    "location": "",
                    "status": "DISABLED"
                  }
                ]
              }
            ],
            "name": "udacity",
            "project_visibility": "PRIVATE",
            "public_project_alias": "",
            "queued_timeout": 480,
            "resource_access_role": "",
            "secondary_artifacts": [],
            "secondary_source_version": [],
            "secondary_sources": [],
            "service_role": "arn:aws:iam::217464997509:role/codebuild-role",
            "source": [
              {
                "auth": [],
                "build_status_config": [],
                "buildspec": "buildspec.yml",
                "git_clone_depth": 1,
                "git_submodules_config": [],
                "insecure_ssl": false,
                "location": "https://github.com/rednag/udacity-cde-ng-p4.git",
                "report_build_status": false,
                "type": "GITHUB"
              }
            ],
            "source_version": "",
            "tags": null,
            "tags_all": {},
            "vpc_config": []
          },
          "sensitive_attributes": [],
          "private": "bnVsbA==",
          "dependencies": [
            "aws_iam_role.codebuild"
          ]
        }
      ]
    },
    {
      "mode": "managed",
      "type": "aws_ecr_repository",
      "name": "backend",
      "provider": "provider[\"registry.terraform.io/hashicorp/aws\"]",
      "instances": [
        {
          "schema_version": 0,
          "attributes": {
            "arn": "arn:aws:ecr:us-east-1:217464997509:repository/backend",
            "encryption_configuration": [
              {
                "encryption_type": "AES256",
                "kms_key": ""
              }
            ],
            "force_delete": true,
            "id": "backend",
            "image_scanning_configuration": [
              {
                "scan_on_push": true
              }
            ],
            "image_tag_mutability": "MUTABLE",
            "name": "backend",
            "registry_id": "217464997509",
            "repository_url": "217464997509.dkr.ecr.us-east-1.amazonaws.com/backend",
            "tags": null,
            "tags_all": {},
            "timeouts": null
          },
          "sensitive_attributes": [],
          "private": "eyJlMmJmYjczMC1lY2FhLTExZTYtOGY4OC0zNDM2M2JjN2M0YzAiOnsiZGVsZXRlIjoxMjAwMDAwMDAwMDAwfX0="
        }
      ]
    },
    {
      "mode": "managed",
      "type": "aws_ecr_repository",
      "name": "frontend",
      "provider": "provider[\"registry.terraform.io/hashicorp/aws\"]",
      "instances": [
        {
          "schema_version": 0,
          "attributes": {
            "arn": "arn:aws:ecr:us-east-1:217464997509:repository/frontend",
            "encryption_configuration": [
              {
                "encryption_type": "AES256",
                "kms_key": ""
              }
            ],
            "force_delete": true,
            "id": "frontend",
            "image_scanning_configuration": [
              {
                "scan_on_push": true
              }
            ],
            "image_tag_mutability": "MUTABLE",
            "name": "frontend",
            "registry_id": "217464997509",
            "repository_url": "217464997509.dkr.ecr.us-east-1.amazonaws.com/frontend",
            "tags": null,
            "tags_all": {},
            "timeouts": null
          },
          "sensitive_attributes": [],
          "private": "eyJlMmJmYjczMC1lY2FhLTExZTYtOGY4OC0zNDM2M2JjN2M0YzAiOnsiZGVsZXRlIjoxMjAwMDAwMDAwMDAwfX0="
        }
      ]
    },
    {
      "mode": "managed",
      "type": "aws_eks_cluster",
      "name": "main",
      "provider": "provider[\"registry.terraform.io/hashicorp/aws\"]",
      "instances": [
        {
          "schema_version": 0,
          "attributes": {
            "arn": "arn:aws:eks:us-east-1:217464997509:cluster/cluster",
            "certificate_authority": [
              {
                "data": "LS0tLS1CRUdJTiBDRVJUSUZJQ0FURS0tLS0tCk1JSURCVENDQWUyZ0F3SUJBZ0lJTFFIYWlkM05rczR3RFFZSktvWklodmNOQVFFTEJRQXdGVEVUTUJFR0ExVUUKQXhNS2EzVmlaWEp1WlhSbGN6QWVGdzB5TlRBeU1EVXdOak00TURWYUZ3MHpOVEF5TURNd05qUXpNRFZhTUJVeApFekFSQmdOVkJBTVRDbXQxWW1WeWJtVjBaWE13Z2dFaU1BMEdDU3FHU0liM0RRRUJBUVVBQTRJQkR3QXdnZ0VLCkFvSUJBUUMyaHNVM01pbHU2dHUzUlJYYngyMWhOK241ekNXdjZ5cjI4azdBdGk3YjlObmYxYmVoNklEVFFhMVgKdmdOSFhJZEU4TDRRRHZaV0Rmbjlna3RhVE53SmhvRUVKTEpxY3NQY1JQaTBEOElldTJzME05QXZycDcxTUFBbwp3U3VML3ppRXhEdTdxc2xpZU12V0dsTUcxazhpdzB3SGs3a1MvenRsY3QrcU9laEdoR2tWN2JPQkx5T21KbVRLCjJvdEtoT21mVDhCbWdqYzZsVjduZm5LRHJ6N1lmZ2FyNzZrOVFOM2wyaUpjVlB5ZXhCU0xBZlo1c0w4Qzh2MnkKTFcwWEhYbGh5d0lFR09pcTJwTkd1VHRKTVk2MHlQWm53Vll4NVdTR2UrTnNpRzYvRG12MGV3UlBUK0laR01xegpoRVJrYlFwNWlIdDBmMzc1SU1EOEhZdW1pL2xQQWdNQkFBR2pXVEJYTUE0R0ExVWREd0VCL3dRRUF3SUNwREFQCkJnTlZIUk1CQWY4RUJUQURBUUgvTUIwR0ExVWREZ1FXQkJRWERFdWRUekpNdDRpem5mTEtXMmVZWlRsWm9qQVYKQmdOVkhSRUVEakFNZ2dwcmRXSmxjbTVsZEdWek1BMEdDU3FHU0liM0RRRUJDd1VBQTRJQkFRQUd1Qi9tUDFvNApOS2NXRzcycjNVL3U5dVdqeUkyVWtpSWNNMW1US2xncVZiSzR0VndnckZUNm5qMmpmRDUrQ0JxeEdkd0hIdEZMCmczdzVUUUlZMzRPSk51VEFIT1N5VWZWd0JhcDkxQ2xUWkl6T2JlQmRUS3NzOTVidDhJRktXb2dYWnYyZlB4VzEKZUFTUnRaTGpuSGZrYmkwSDVUWEVMOVF4b0NRSHNnSnM0ZEdpSlhZc25XUDA1bWhBZzBpdk5sUTB4YjEyOFZBNApHOU5CM0tGZVM0M0hpbXE3K2Fwd0kzVjNtQU5EWHdNYmk4MDVlcGEzNGozNU92UkFUeEhrY0F1RXQzK0tudy9PCjVCdFloMXhGazFzQTZOM2ZZL2VNVE5zc0E1cFMyOWYva0ZKb2NLVVp0R0o1SnBCVVFIZGY0NE5jMjEyTDZNWDUKQTZSbHFsb3NEUC9ICi0tLS0tRU5EIENFUlRJRklDQVRFLS0tLS0K"
              }
            ],
            "cluster_id": null,
            "created_at": "2025-02-05 06:37:33.925 +0000 UTC",
            "enabled_cluster_log_types": null,
            "encryption_config": [],
            "endpoint": "https://F2F484EE3F699EB6C2281CD80FBDAA24.gr7.us-east-1.eks.amazonaws.com",
            "id": "cluster",
            "identity": [
              {
                "oidc": [
                  {
                    "issuer": "https://oidc.eks.us-east-1.amazonaws.com/id/F2F484EE3F699EB6C2281CD80FBDAA24"
                  }
                ]
              }
            ],
            "kubernetes_network_config": [
              {
                "ip_family": "ipv4",
                "service_ipv4_cidr": "172.20.0.0/16",
                "service_ipv6_cidr": ""
              }
            ],
            "name": "cluster",
            "outpost_config": [],
            "platform_version": "eks.41",
            "role_arn": "arn:aws:iam::217464997509:role/eks_cluster_role",
            "status": "ACTIVE",
            "tags": null,
            "tags_all": {},
            "timeouts": null,
            "version": "1.25",
            "vpc_config": [
              {
                "cluster_security_group_id": "sg-06a866e6370f5b91a",
                "endpoint_private_access": true,
                "endpoint_public_access": true,
                "public_access_cidrs": [
                  "0.0.0.0/0"
                ],
                "security_group_ids": null,
                "subnet_ids": [
                  "subnet-0410ff0247a877f58",
                  "subnet-0c8bab234d34f1daf"
                ],
                "vpc_id": "vpc-064194eb8b34f11a6"
              }
            ]
          },
          "sensitive_attributes": [],
          "private": "eyJlMmJmYjczMC1lY2FhLTExZTYtOGY4OC0zNDM2M2JjN2M0YzAiOnsiY3JlYXRlIjoxODAwMDAwMDAwMDAwLCJkZWxldGUiOjkwMDAwMDAwMDAwMCwidXBkYXRlIjozNjAwMDAwMDAwMDAwfX0=",
          "dependencies": [
            "aws_iam_role.eks_cluster",
            "aws_iam_role_policy_attachment.eks_cluster",
            "aws_iam_role_policy_attachment.eks_service",
            "aws_subnet.private_subnet",
            "aws_subnet.public_subnet",
            "aws_vpc.vpc"
          ]
        }
      ]
    },
    {
      "mode": "managed",
      "type": "aws_eks_node_group",
      "name": "main",
      "provider": "provider[\"registry.terraform.io/hashicorp/aws\"]",
      "instances": [
        {
          "schema_version": 0,
          "attributes": {
            "ami_type": "AL2_x86_64",
            "arn": "arn:aws:eks:us-east-1:217464997509:nodegroup/cluster/udacity/20ca6a6f-1574-a8c4-0e71-a4c260f2ab50",
            "capacity_type": "ON_DEMAND",
            "cluster_name": "cluster",
            "disk_size": 20,
            "force_update_version": null,
            "id": "cluster:udacity",
            "instance_types": [
              "t3.small"
            ],
            "labels": null,
            "launch_template": [],
            "node_group_name": "udacity",
            "node_group_name_prefix": "",
            "node_role_arn": "arn:aws:iam::217464997509:role/udacity-node-group",
            "release_version": "1.25.16-20250123",
            "remote_access": [],
            "resources": [
              {
                "autoscaling_groups": [
                  {
                    "name": "eks-udacity-20ca6a6f-1574-a8c4-0e71-a4c260f2ab50"
                  }
                ],
                "remote_access_security_group_id": ""
              }
            ],
            "scaling_config": [
              {
                "desired_size": 1,
                "max_size": 1,
                "min_size": 1
              }
            ],
            "status": "ACTIVE",
            "subnet_ids": [
              "subnet-0c8bab234d34f1daf"
            ],
            "tags": null,
            "tags_all": {},
            "taint": [],
            "timeouts": null,
            "update_config": [
              {
                "max_unavailable": 1,
                "max_unavailable_percentage": 0
              }
            ],
            "version": "1.25"
          },
          "sensitive_attributes": [],
          "private": "eyJlMmJmYjczMC1lY2FhLTExZTYtOGY4OC0zNDM2M2JjN2M0YzAiOnsiY3JlYXRlIjozNjAwMDAwMDAwMDAwLCJkZWxldGUiOjM2MDAwMDAwMDAwMDAsInVwZGF0ZSI6MzYwMDAwMDAwMDAwMH19",
          "dependencies": [
            "aws_eks_cluster.main",
            "aws_iam_role.eks_cluster",
            "aws_iam_role.node_group",
            "aws_iam_role_policy_attachment.cni_policy",
            "aws_iam_role_policy_attachment.ecr_policy",
            "aws_iam_role_policy_attachment.eks_cluster",
            "aws_iam_role_policy_attachment.eks_service",
            "aws_iam_role_policy_attachment.node_group_policy",
            "aws_subnet.private_subnet",
            "aws_subnet.public_subnet",
            "aws_vpc.vpc",
            "data.aws_iam_policy_document.assume_role_policy",
            "data.aws_ssm_parameter.eks_ami_release_version"
          ]
        }
      ]
    },
    {
      "mode": "managed",
      "type": "aws_iam_role",
      "name": "codebuild",
      "provider": "provider[\"registry.terraform.io/hashicorp/aws\"]",
      "instances": [
        {
          "schema_version": 0,
          "attributes": {
            "arn": "arn:aws:iam::217464997509:role/codebuild-role",
            "assume_role_policy": "{\"Statement\":[{\"Action\":\"sts:AssumeRole\",\"Effect\":\"Allow\",\"Principal\":{\"Service\":\"codebuild.amazonaws.com\"}}],\"Version\":\"2012-10-17\"}",
            "create_date": "2025-02-05T06:37:05Z",
            "description": "",
            "force_detach_policies": false,
            "id": "codebuild-role",
            "inline_policy": [],
            "managed_policy_arns": [],
            "max_session_duration": 3600,
            "name": "codebuild-role",
            "name_prefix": "",
            "path": "/",
            "permissions_boundary": null,
            "tags": null,
            "tags_all": {},
            "unique_id": "AROATFIPMQ2C3H3EJ2L7J"
          },
          "sensitive_attributes": [],
          "private": "bnVsbA=="
        }
      ]
    },
    {
      "mode": "managed",
      "type": "aws_iam_role",
      "name": "eks_cluster",
      "provider": "provider[\"registry.terraform.io/hashicorp/aws\"]",
      "instances": [
        {
          "schema_version": 0,
          "attributes": {
            "arn": "arn:aws:iam::217464997509:role/eks_cluster_role",
            "assume_role_policy": "{\"Statement\":[{\"Action\":\"sts:AssumeRole\",\"Effect\":\"Allow\",\"Principal\":{\"Service\":\"eks.amazonaws.com\"}}],\"Version\":\"2012-10-17\"}",
            "create_date": "2025-02-05T06:37:05Z",
            "description": "",
            "force_detach_policies": false,
            "id": "eks_cluster_role",
            "inline_policy": [],
            "managed_policy_arns": [],
            "max_session_duration": 3600,
            "name": "eks_cluster_role",
            "name_prefix": "",
            "path": "/",
            "permissions_boundary": null,
            "tags": null,
            "tags_all": {},
            "unique_id": "AROATFIPMQ2CSQGNQVAFM"
          },
          "sensitive_attributes": [],
          "private": "bnVsbA=="
        }
      ]
    },
    {
      "mode": "managed",
      "type": "aws_iam_role",
      "name": "node_group",
      "provider": "provider[\"registry.terraform.io/hashicorp/aws\"]",
      "instances": [
        {
          "schema_version": 0,
          "attributes": {
            "arn": "arn:aws:iam::217464997509:role/udacity-node-group",
            "assume_role_policy": "{\"Statement\":[{\"Action\":\"sts:AssumeRole\",\"Effect\":\"Allow\",\"Principal\":{\"Service\":\"ec2.amazonaws.com\"},\"Sid\":\"\"}],\"Version\":\"2012-10-17\"}",
            "create_date": "2025-02-05T06:37:05Z",
            "description": "",
            "force_detach_policies": false,
            "id": "udacity-node-group",
            "inline_policy": [],
            "managed_policy_arns": [],
            "max_session_duration": 3600,
            "name": "udacity-node-group",
            "name_prefix": "",
            "path": "/",
            "permissions_boundary": null,
            "tags": null,
            "tags_all": {},
            "unique_id": "AROATFIPMQ2C2TN7MSFWW"
          },
          "sensitive_attributes": [],
          "private": "bnVsbA==",
          "dependencies": [
            "data.aws_iam_policy_document.assume_role_policy"
          ]
        }
      ]
    },
    {
      "mode": "managed",
      "type": "aws_iam_role_policy_attachment",
      "name": "cni_policy",
      "provider": "provider[\"registry.terraform.io/hashicorp/aws\"]",
      "instances": [
        {
          "schema_version": 0,
          "attributes": {
            "id": "udacity-node-group-20250205063703418000000003",
            "policy_arn": "arn:aws:iam::aws:policy/AmazonEKS_CNI_Policy",
            "role": "udacity-node-group"
          },
          "sensitive_attributes": [],
          "private": "bnVsbA==",
          "dependencies": [
            "aws_iam_role.node_group",
            "data.aws_iam_policy_document.assume_role_policy"
          ]
        }
      ]
    },
    {
      "mode": "managed",
      "type": "aws_iam_role_policy_attachment",
      "name": "codebuild",
      "provider": "provider[\"registry.terraform.io/hashicorp/aws\"]",
      "instances": [
        {
          "schema_version": 0,
          "attributes": {
            "id": "codebuild-role-20250205063703448700000004",
            "policy_arn": "arn:aws:iam::aws:policy/AWSCodeBuildAdminAccess",
            "role": "codebuild-role"
          },
          "sensitive_attributes": [],
          "private": "bnVsbA==",
          "dependencies": [
            "aws_iam_role.codebuild"
          ]
        }
      ]
    },
    {
      "mode": "managed",
      "type": "aws_iam_role_policy_attachment",
      "name": "ecr_policy",
      "provider": "provider[\"registry.terraform.io/hashicorp/aws\"]",
      "instances": [
        {
          "schema_version": 0,
          "attributes": {
            "id": "udacity-node-group-20250205063703599900000005",
            "policy_arn": "arn:aws:iam::aws:policy/AmazonEC2ContainerRegistryReadOnly",
            "role": "udacity-node-group"
          },
          "sensitive_attributes": [],
          "private": "bnVsbA==",
          "dependencies": [
            "aws_iam_role.node_group",
            "data.aws_iam_policy_document.assume_role_policy"
          ]
        }
      ]
    },
    {
      "mode": "managed",
      "type": "aws_iam_role_policy_attachment",
      "name": "eks_cluster",
      "provider": "provider[\"registry.terraform.io/hashicorp/aws\"]",
      "instances": [
        {
          "schema_version": 0,
          "attributes": {
            "id": "eks_cluster_role-20250205063703400300000001",
            "policy_arn": "arn:aws:iam::aws:policy/AmazonEKSClusterPolicy",
            "role": "eks_cluster_role"
          },
          "sensitive_attributes": [],
          "private": "bnVsbA==",
          "dependencies": [
            "aws_iam_role.eks_cluster"
          ]
        }
      ]
    },
    {
      "mode": "managed",
      "type": "aws_iam_role_policy_attachment",
      "name": "eks_service",
      "provider": "provider[\"registry.terraform.io/hashicorp/aws\"]",
      "instances": [
        {
          "schema_version": 0,
          "attributes": {
            "id": "eks_cluster_role-20250205063703637300000006",
            "policy_arn": "arn:aws:iam::aws:policy/AmazonEKSServicePolicy",
            "role": "eks_cluster_role"
          },
          "sensitive_attributes": [],
          "private": "bnVsbA==",
          "dependencies": [
            "aws_iam_role.eks_cluster"
          ]
        }
      ]
    },
    {
      "mode": "managed",
      "type": "aws_iam_role_policy_attachment",
      "name": "node_group_policy",
      "provider": "provider[\"registry.terraform.io/hashicorp/aws\"]",
      "instances": [
        {
          "schema_version": 0,
          "attributes": {
            "id": "udacity-node-group-20250205063703415800000002",
            "policy_arn": "arn:aws:iam::aws:policy/AmazonEKSWorkerNodePolicy",
            "role": "udacity-node-group"
          },
          "sensitive_attributes": [],
          "private": "bnVsbA==",
          "dependencies": [
            "aws_iam_role.node_group",
            "data.aws_iam_policy_document.assume_role_policy"
          ]
        }
      ]
    },
    {
      "mode": "managed",
      "type": "aws_iam_user_policy",
      "name": "github_action_user_permission",
      "provider": "provider[\"registry.terraform.io/hashicorp/aws\"]",
      "instances": []
    },
    {
      "mode": "managed",
      "type": "aws_internet_gateway",
      "name": "igw",
      "provider": "provider[\"registry.terraform.io/hashicorp/aws\"]",
      "instances": [
        {
          "schema_version": 0,
          "attributes": {
            "arn": "arn:aws:ec2:us-east-1:217464997509:internet-gateway/igw-00d4631ea4845c934",
            "id": "igw-00d4631ea4845c934",
            "owner_id": "217464997509",
            "tags": null,
            "tags_all": {},
            "timeouts": null,
            "vpc_id": "vpc-064194eb8b34f11a6"
          },
          "sensitive_attributes": [],
          "private": "eyJlMmJmYjczMC1lY2FhLTExZTYtOGY4OC0zNDM2M2JjN2M0YzAiOnsiY3JlYXRlIjoxMjAwMDAwMDAwMDAwLCJkZWxldGUiOjEyMDAwMDAwMDAwMDAsInVwZGF0ZSI6MTIwMDAwMDAwMDAwMH19",
          "dependencies": [
            "aws_vpc.vpc"
          ]
        }
      ]
    },
    {
      "mode": "managed",
      "type": "aws_route_table",
      "name": "private",
      "provider": "provider[\"registry.terraform.io/hashicorp/aws\"]",
      "instances": [
        {
          "schema_version": 0,
          "attributes": {
            "arn": "arn:aws:ec2:us-east-1:217464997509:route-table/rtb-0853369626616849c",
            "id": "rtb-0853369626616849c",
            "owner_id": "217464997509",
            "propagating_vgws": [],
            "route": [],
            "tags": {
              "Name": "private"
            },
            "tags_all": {
              "Name": "private"
            },
            "timeouts": null,
            "vpc_id": "vpc-064194eb8b34f11a6"
          },
          "sensitive_attributes": [],
          "private": "eyJlMmJmYjczMC1lY2FhLTExZTYtOGY4OC0zNDM2M2JjN2M0YzAiOnsiY3JlYXRlIjozMDAwMDAwMDAwMDAsImRlbGV0ZSI6MzAwMDAwMDAwMDAwLCJ1cGRhdGUiOjEyMDAwMDAwMDAwMH19",
          "dependencies": [
            "aws_vpc.vpc"
          ]
        }
      ]
    },
    {
      "mode": "managed",
      "type": "aws_route_table",
      "name": "public",
      "provider": "provider[\"registry.terraform.io/hashicorp/aws\"]",
      "instances": [
        {
          "schema_version": 0,
          "attributes": {
            "arn": "arn:aws:ec2:us-east-1:217464997509:route-table/rtb-0270003b7101e0668",
            "id": "rtb-0270003b7101e0668",
            "owner_id": "217464997509",
            "propagating_vgws": [],
            "route": [
              {
                "carrier_gateway_id": "",
                "cidr_block": "0.0.0.0/0",
                "core_network_arn": "",
                "destination_prefix_list_id": "",
                "egress_only_gateway_id": "",
                "gateway_id": "igw-00d4631ea4845c934",
                "instance_id": "",
                "ipv6_cidr_block": "",
                "local_gateway_id": "",
                "nat_gateway_id": "",
                "network_interface_id": "",
                "transit_gateway_id": "",
                "vpc_endpoint_id": "",
                "vpc_peering_connection_id": ""
              }
            ],
            "tags": {
              "Name": "public"
            },
            "tags_all": {
              "Name": "public"
            },
            "timeouts": null,
            "vpc_id": "vpc-064194eb8b34f11a6"
          },
          "sensitive_attributes": [],
          "private": "eyJlMmJmYjczMC1lY2FhLTExZTYtOGY4OC0zNDM2M2JjN2M0YzAiOnsiY3JlYXRlIjozMDAwMDAwMDAwMDAsImRlbGV0ZSI6MzAwMDAwMDAwMDAwLCJ1cGRhdGUiOjEyMDAwMDAwMDAwMH19",
          "dependencies": [
            "aws_internet_gateway.igw",
            "aws_vpc.vpc"
          ]
        }
      ]
    },
    {
      "mode": "managed",
      "type": "aws_route_table_association",
      "name": "private",
      "provider": "provider[\"registry.terraform.io/hashicorp/aws\"]",
      "instances": [
        {
          "schema_version": 0,
          "attributes": {
            "gateway_id": "",
            "id": "rtbassoc-0e37f4aadddd5bb0f",
            "route_table_id": "rtb-0853369626616849c",
            "subnet_id": "subnet-0410ff0247a877f58"
          },
          "sensitive_attributes": [],
          "private": "bnVsbA==",
          "dependencies": [
            "aws_route_table.private",
            "aws_subnet.private_subnet",
            "aws_vpc.vpc"
          ]
        }
      ]
    },
    {
      "mode": "managed",
      "type": "aws_route_table_association",
      "name": "public",
      "provider": "provider[\"registry.terraform.io/hashicorp/aws\"]",
      "instances": [
        {
          "schema_version": 0,
          "attributes": {
            "gateway_id": "",
            "id": "rtbassoc-0914d66b0bbd445d6",
            "route_table_id": "rtb-0270003b7101e0668",
            "subnet_id": "subnet-0c8bab234d34f1daf"
          },
          "sensitive_attributes": [],
          "private": "bnVsbA==",
          "dependencies": [
            "aws_internet_gateway.igw",
            "aws_route_table.public",
            "aws_subnet.public_subnet",
            "aws_vpc.vpc"
          ]
        }
      ]
    },
    {
      "mode": "managed",
      "type": "aws_subnet",
      "name": "private_subnet",
      "provider": "provider[\"registry.terraform.io/hashicorp/aws\"]",
      "instances": [
        {
          "schema_version": 1,
          "attributes": {
            "arn": "arn:aws:ec2:us-east-1:217464997509:subnet/subnet-0410ff0247a877f58",
            "assign_ipv6_address_on_creation": false,
            "availability_zone": "us-east-1b",
            "availability_zone_id": "use1-az4",
            "cidr_block": "10.0.2.0/24",
            "customer_owned_ipv4_pool": "",
            "enable_dns64": false,
            "enable_resource_name_dns_a_record_on_launch": false,
            "enable_resource_name_dns_aaaa_record_on_launch": false,
            "id": "subnet-0410ff0247a877f58",
            "ipv6_cidr_block": "",
            "ipv6_cidr_block_association_id": "",
            "ipv6_native": false,
            "map_customer_owned_ip_on_launch": false,
            "map_public_ip_on_launch": false,
            "outpost_arn": "",
            "owner_id": "217464997509",
            "private_dns_hostname_type_on_launch": "ip-name",
            "tags": {
              "Name": "udacity-private"
            },
            "tags_all": {
              "Name": "udacity-private"
            },
            "timeouts": null,
            "vpc_id": "vpc-064194eb8b34f11a6"
          },
          "sensitive_attributes": [],
          "private": "eyJlMmJmYjczMC1lY2FhLTExZTYtOGY4OC0zNDM2M2JjN2M0YzAiOnsiY3JlYXRlIjo2MDAwMDAwMDAwMDAsImRlbGV0ZSI6MTIwMDAwMDAwMDAwMH0sInNjaGVtYV92ZXJzaW9uIjoiMSJ9",
          "dependencies": [
            "aws_vpc.vpc"
          ]
        }
      ]
    },
    {
      "mode": "managed",
      "type": "aws_subnet",
      "name": "public_subnet",
      "provider": "provider[\"registry.terraform.io/hashicorp/aws\"]",
      "instances": [
        {
          "schema_version": 1,
          "attributes": {
            "arn": "arn:aws:ec2:us-east-1:217464997509:subnet/subnet-0c8bab234d34f1daf",
            "assign_ipv6_address_on_creation": false,
            "availability_zone": "us-east-1a",
            "availability_zone_id": "use1-az2",
            "cidr_block": "10.0.1.0/24",
            "customer_owned_ipv4_pool": "",
            "enable_dns64": false,
            "enable_resource_name_dns_a_record_on_launch": false,
            "enable_resource_name_dns_aaaa_record_on_launch": false,
            "id": "subnet-0c8bab234d34f1daf",
            "ipv6_cidr_block": "",
            "ipv6_cidr_block_association_id": "",
            "ipv6_native": false,
            "map_customer_owned_ip_on_launch": false,
            "map_public_ip_on_launch": true,
            "outpost_arn": "",
            "owner_id": "217464997509",
            "private_dns_hostname_type_on_launch": "ip-name",
            "tags": {
              "Name": "udacity-public"
            },
            "tags_all": {
              "Name": "udacity-public"
            },
            "timeouts": null,
            "vpc_id": "vpc-064194eb8b34f11a6"
          },
          "sensitive_attributes": [],
          "private": "eyJlMmJmYjczMC1lY2FhLTExZTYtOGY4OC0zNDM2M2JjN2M0YzAiOnsiY3JlYXRlIjo2MDAwMDAwMDAwMDAsImRlbGV0ZSI6MTIwMDAwMDAwMDAwMH0sInNjaGVtYV92ZXJzaW9uIjoiMSJ9",
          "dependencies": [
            "aws_vpc.vpc"
          ]
        }
      ]
    },
    {
      "mode": "managed",
      "type": "aws_vpc",
      "name": "vpc",
      "provider": "provider[\"registry.terraform.io/hashicorp/aws\"]",
      "instances": [
        {
          "schema_version": 1,
          "attributes": {
            "arn": "arn:aws:ec2:us-east-1:217464997509:vpc/vpc-064194eb8b34f11a6",
            "assign_generated_ipv6_cidr_block": false,
            "cidr_block": "10.0.0.0/16",
            "default_network_acl_id": "acl-0fe161ac206fe673d",
            "default_route_table_id": "rtb-00bd5cfc7812a0d03",
            "default_security_group_id": "sg-0ba7bdbefbbec6e8a",
            "dhcp_options_id": "dopt-08237cb2bf62ffc82",
            "enable_classiclink": false,
            "enable_classiclink_dns_support": false,
            "enable_dns_hostnames": true,
            "enable_dns_support": true,
            "enable_network_address_usage_metrics": false,
            "id": "vpc-064194eb8b34f11a6",
            "instance_tenancy": "default",
            "ipv4_ipam_pool_id": null,
            "ipv4_netmask_length": null,
            "ipv6_association_id": "",
            "ipv6_cidr_block": "",
            "ipv6_cidr_block_network_border_group": "",
            "ipv6_ipam_pool_id": "",
            "ipv6_netmask_length": 0,
            "main_route_table_id": "rtb-00bd5cfc7812a0d03",
            "owner_id": "217464997509",
            "tags": {
              "Name": "udacity"
            },
            "tags_all": {
              "Name": "udacity"
            }
          },
          "sensitive_attributes": [],
          "private": "eyJzY2hlbWFfdmVyc2lvbiI6IjEifQ=="
        }
      ]
    }
  ],
  "check_results": null
}
